
Microsoft Visual Studio Solution File, Format Version 12.00
# Visual Studio Version 16
VisualStudioVersion = 16.0.30717.126
MinimumVisualStudioVersion = 10.0.40219.1
Project("{9A19103F-16F7-4668-BE54-9A1E7A4F7556}") = "Api", "Api\Api.csproj", "{7C182AE4-F3FA-49E8-92D7-B5369E6BAE50}"
EndProject
Project("{FAE04EC0-301F-11D3-BF4B-00C04F79EFBC}") = "Application", "Application\Application.csproj", "{7C3C5830-B7EE-441E-8E75-2FBFA80F8975}"
EndProject
Project("{FAE04EC0-301F-11D3-BF4B-00C04F79EFBC}") = "Domain", "Domain\Domain.csproj", "{1A206C23-9084-4329-8E9A-CAA9C197CB22}"
EndProject
Project("{FAE04EC0-301F-11D3-BF4B-00C04F79EFBC}") = "Repository", "Repository\Repository.csproj", "{6B51B2BC-064E-41EE-AACB-452A181A9523}"
EndProject
Global
	GlobalSection(SolutionConfigurationPlatforms) = preSolution
		Debug|Any CPU = Debug|Any CPU
		Release|Any CPU = Release|Any CPU
	EndGlobalSection
	GlobalSection(ProjectConfigurationPlatforms) = postSolution
		{7C182AE4-F3FA-49E8-92D7-B5369E6BAE50}.Debug|Any CPU.ActiveCfg = Debug|Any CPU
		{7C182AE4-F3FA-49E8-92D7-B5369E6BAE50}.Debug|Any CPU.Build.0 = Debug|Any CPU
		{7C182AE4-F3FA-49E8-92D7-B5369E6BAE50}.Release|Any CPU.ActiveCfg = Release|Any CPU
		{7C182AE4-F3FA-49E8-92D7-B5369E6BAE50}.Release|Any CPU.Build.0 = Release|Any CPU
		{7C3C5830-B7EE-441E-8E75-2FBFA80F8975}.Debug|Any CPU.ActiveCfg = Debug|Any CPU
		{7C3C5830-B7EE-441E-8E75-2FBFA80F8975}.Debug|Any CPU.Build.0 = Debug|Any CPU
		{7C3C5830-B7EE-441E-8E75-2FBFA80F8975}.Release|Any CPU.ActiveCfg = Release|Any CPU
		{7C3C5830-B7EE-441E-8E75-2FBFA80F8975}.Release|Any CPU.Build.0 = Release|Any CPU
		{1A206C23-9084-4329-8E9A-CAA9C197CB22}.Debug|Any CPU.ActiveCfg = Debug|Any CPU
		{1A206C23-9084-4329-8E9A-CAA9C197CB22}.Debug|Any CPU.Build.0 = Debug|Any CPU
		{1A206C23-9084-4329-8E9A-CAA9C197CB22}.Release|Any CPU.ActiveCfg = Release|Any CPU
		{1A206C23-9084-4329-8E9A-CAA9C197CB22}.Release|Any CPU.Build.0 = Release|Any CPU
		{6B51B2BC-064E-41EE-AACB-452A181A9523}.Debug|Any CPU.ActiveCfg = Debug|Any CPU
		{6B51B2BC-064E-41EE-AACB-452A181A9523}.Debug|Any CPU.Build.0 = Debug|Any CPU
		{6B51B2BC-064E-41EE-AACB-452A181A9523}.Release|Any CPU.ActiveCfg = Release|Any CPU
		{6B51B2BC-064E-41EE-AACB-452A181A9523}.Release|Any CPU.Build.0 = Release|Any CPU
	EndGlobalSection
	GlobalSection(SolutionProperties) = preSolution
		HideSolutionNode = FALSE
	EndGlobalSection
	GlobalSection(ExtensibilityGlobals) = postSolution
		SolutionGuid = {075DCA9A-F17E-4641-BE23-0C468E5376DF}
	EndGlobalSection
EndGlobal
